
Microsoft Visual Studio Solution File, Format Version 12.00
# Visual Studio Version 17
VisualStudioVersion = 17.7.34024.191
MinimumVisualStudioVersion = 10.0.40219.1
Project("{8BC9CEB8-8B4A-11D0-8D11-00A0C91BC942}") = "C++mutable", "C++mutable\C++mutable.vcxproj", "{CAA560AE-8266-446E-A34E-DB0E633BE298}"
EndProject
Global
	GlobalSection(SolutionConfigurationPlatforms) = preSolution
		Debug|x64 = Debug|x64
		Debug|x86 = Debug|x86
		Release|x64 = Release|x64
		Release|x86 = Release|x86
	EndGlobalSection
	GlobalSection(ProjectConfigurationPlatforms) = postSolution
		{CAA560AE-8266-446E-A34E-DB0E633BE298}.Debug|x64.ActiveCfg = Debug|x64
		{CAA560AE-8266-446E-A34E-DB0E633BE298}.Debug|x64.Build.0 = Debug|x64
		{CAA560AE-8266-446E-A34E-DB0E633BE298}.Debug|x86.ActiveCfg = Debug|Win32
		{CAA560AE-8266-446E-A34E-DB0E633BE298}.Debug|x86.Build.0 = Debug|Win32
		{CAA560AE-8266-446E-A34E-DB0E633BE298}.Release|x64.ActiveCfg = Release|x64
		{CAA560AE-8266-446E-A34E-DB0E633BE298}.Release|x64.Build.0 = Release|x64
		{CAA560AE-8266-446E-A34E-DB0E633BE298}.Release|x86.ActiveCfg = Release|Win32
		{CAA560AE-8266-446E-A34E-DB0E633BE298}.Release|x86.Build.0 = Release|Win32
	EndGlobalSection
	GlobalSection(SolutionProperties) = preSolution
		HideSolutionNode = FALSE
	EndGlobalSection
	GlobalSection(ExtensibilityGlobals) = postSolution
		SolutionGuid = {AF2164D8-E0AA-428E-B015-2CFA19504CE5}
	EndGlobalSection
EndGlobal
