
Microsoft Visual Studio Solution File, Format Version 12.00
# Visual Studio Version 17
VisualStudioVersion = 17.9.34723.18
MinimumVisualStudioVersion = 10.0.40219.1
Project("{8BC9CEB8-8B4A-11D0-8D11-00A0C91BC942}") = "C++折叠表达式", "C++折叠表达式\C++折叠表达式.vcxproj", "{FED920B9-68CD-430B-B51C-34CB570CE825}"
EndProject
Global
	GlobalSection(SolutionConfigurationPlatforms) = preSolution
		Debug|x64 = Debug|x64
		Debug|x86 = Debug|x86
		Release|x64 = Release|x64
		Release|x86 = Release|x86
	EndGlobalSection
	GlobalSection(ProjectConfigurationPlatforms) = postSolution
		{FED920B9-68CD-430B-B51C-34CB570CE825}.Debug|x64.ActiveCfg = Debug|x64
		{FED920B9-68CD-430B-B51C-34CB570CE825}.Debug|x64.Build.0 = Debug|x64
		{FED920B9-68CD-430B-B51C-34CB570CE825}.Debug|x86.ActiveCfg = Debug|Win32
		{FED920B9-68CD-430B-B51C-34CB570CE825}.Debug|x86.Build.0 = Debug|Win32
		{FED920B9-68CD-430B-B51C-34CB570CE825}.Release|x64.ActiveCfg = Release|x64
		{FED920B9-68CD-430B-B51C-34CB570CE825}.Release|x64.Build.0 = Release|x64
		{FED920B9-68CD-430B-B51C-34CB570CE825}.Release|x86.ActiveCfg = Release|Win32
		{FED920B9-68CD-430B-B51C-34CB570CE825}.Release|x86.Build.0 = Release|Win32
	EndGlobalSection
	GlobalSection(SolutionProperties) = preSolution
		HideSolutionNode = FALSE
	EndGlobalSection
	GlobalSection(ExtensibilityGlobals) = postSolution
		SolutionGuid = {EA68E745-2DF0-49BA-BB3C-3C096FDACB04}
	EndGlobalSection
EndGlobal
